
Microsoft Visual Studio Solution File, Format Version 12.00
# Visual Studio 15
VisualStudioVersion = 15.0.27130.2027
MinimumVisualStudioVersion = 10.0.40219.1
Project("{FAE04EC0-301F-11D3-BF4B-00C04F79EFBC}") = "LIFS Management Pro Beta v.1.0.0", "LIFS Management Pro Beta v.1.0.0\LIFS Management Pro Beta v.1.0.0.csproj", "{D225C4A9-7C8E-4F23-AD55-560840B369D7}"
EndProject
Global
	GlobalSection(SolutionConfigurationPlatforms) = preSolution
		Debug|Any CPU = Debug|Any CPU
		Release|Any CPU = Release|Any CPU
	EndGlobalSection
	GlobalSection(ProjectConfigurationPlatforms) = postSolution
		{D225C4A9-7C8E-4F23-AD55-560840B369D7}.Debug|Any CPU.ActiveCfg = Debug|Any CPU
		{D225C4A9-7C8E-4F23-AD55-560840B369D7}.Debug|Any CPU.Build.0 = Debug|Any CPU
		{D225C4A9-7C8E-4F23-AD55-560840B369D7}.Release|Any CPU.ActiveCfg = Release|Any CPU
		{D225C4A9-7C8E-4F23-AD55-560840B369D7}.Release|Any CPU.Build.0 = Release|Any CPU
	EndGlobalSection
	GlobalSection(SolutionProperties) = preSolution
		HideSolutionNode = FALSE
	EndGlobalSection
	GlobalSection(ExtensibilityGlobals) = postSolution
		SolutionGuid = {3635973E-858C-4A9F-B7AE-2DF6872B8E8A}
	EndGlobalSection
EndGlobal
